<?xml version="1.0" encoding="utf-8"?>
<Project ToolsVersion="4.0" xmlns="http://schemas.microsoft.com/developer/msbuild/2003">
  <ItemGroup>
    <Filter Include="ClientCommunication">
      <UniqueIdentifier>{7bf62c0d-19a2-4b0c-9f2b-053fa597b395}</UniqueIdentifier>
    </Filter>
    <Filter Include="ClientCommunication\Headers">
      <UniqueIdentifier>{839ec242-ddd3-43b2-aa46-5cbb0a2c6c37}</UniqueIdentifier>
    </Filter>
    <Filter Include="ClientCommunication\Sources">
      <UniqueIdentifier>{8d7b4ec3-f32c-4293-90b4-decabe153762}</UniqueIdentifier>
    </Filter>
    <Filter Include="Games">
      <UniqueIdentifier>{3675a064-a548-432e-8abb-183db2669b01}</UniqueIdentifier>
    </Filter>
    <Filter Include="Servers">
      <UniqueIdentifier>{434f5ab4-0a2b-4a7c-963d-6704ea876ae0}</UniqueIdentifier>
    </Filter>
    <Filter Include="Games\Headers">
      <UniqueIdentifier>{f4e57836-12a7-4bf1-8a77-3d7999e9a29f}</UniqueIdentifier>
    </Filter>
    <Filter Include="Games\Sources">
      <UniqueIdentifier>{145e8082-c723-4d03-9d30-a4fc0a0a08ad}</UniqueIdentifier>
    </Filter>
    <Filter Include="Servers\Sources">
      <UniqueIdentifier>{51f222be-e95d-4186-9854-883be2b9285e}</UniqueIdentifier>
    </Filter>
    <Filter Include="Servers\Headers">
      <UniqueIdentifier>{ed540a89-aa55-452e-99e4-ac9cf2375a80}</UniqueIdentifier>
    </Filter>
    <Filter Include="Packets">
      <UniqueIdentifier>{6aaa1b9f-1d35-4793-b9cd-d4d0d9144bc4}</UniqueIdentifier>
    </Filter>
  </ItemGroup>
  <ItemGroup>
    <ClCompile Include="main.cpp" />
    <ClCompile Include="DeusClient.cpp">
      <Filter>ClientCommunication\Sources</Filter>
    </ClCompile>
    <ClCompile Include="DeusConnection.cpp">
      <Filter>ClientCommunication\Sources</Filter>
    </ClCompile>
    <ClCompile Include="DeusTcpConnection.cpp">
      <Filter>ClientCommunication\Sources</Filter>
    </ClCompile>
    <ClCompile Include="GameHandler.cpp">
      <Filter>Games\Sources</Filter>
    </ClCompile>
    <ClCompile Include="WorldNetworkServer.cpp">
      <Filter>Servers\Sources</Filter>
    </ClCompile>
    <ClCompile Include="NetworkServer.cpp">
      <Filter>Servers\Sources</Filter>
    </ClCompile>
    <ClCompile Include="GameNetworkServer.cpp">
      <Filter>Games\Sources</Filter>
    </ClCompile>
    <ClCompile Include="PacketNewPlayer.cpp">
      <Filter>Packets</Filter>
    </ClCompile>
    <ClCompile Include="DeusUdpConnection.cpp">
      <Filter>ClientCommunication\Sources</Filter>
    </ClCompile>
  </ItemGroup>
  <ItemGroup>
    <ClInclude Include="DeusClient.h">
      <Filter>ClientCommunication\Headers</Filter>
    </ClInclude>
    <ClInclude Include="DeusConnection.h">
      <Filter>ClientCommunication\Headers</Filter>
    </ClInclude>
    <ClInclude Include="DeusTcpConnection.h">
      <Filter>ClientCommunication\Headers</Filter>
    </ClInclude>
    <ClInclude Include="GameHandler.h">
      <Filter>Games\Headers</Filter>
    </ClInclude>
    <ClInclude Include="WorldNetworkServer.h">
      <Filter>Servers\Headers</Filter>
    </ClInclude>
    <ClInclude Include="NetworkServer.h">
      <Filter>Servers\Headers</Filter>
    </ClInclude>
    <ClInclude Include="GameNetworkServer.h">
      <Filter>Games\Headers</Filter>
    </ClInclude>
    <ClInclude Include="PacketNewPlayer.h">
      <Filter>Packets</Filter>
    </ClInclude>
    <ClInclude Include="DeusUdpConnection.h">
      <Filter>ClientCommunication\Headers</Filter>
    </ClInclude>
  </ItemGroup>
</Project>