<?xml version="1.0" encoding="utf-8"?>
<Project ToolsVersion="4.0" xmlns="http://schemas.microsoft.com/developer/msbuild/2003">
  <ItemGroup>
    <Filter Include="ClientCommunication">
      <UniqueIdentifier>{7bf62c0d-19a2-4b0c-9f2b-053fa597b395}</UniqueIdentifier>
    </Filter>
    <Filter Include="ClientCommunication\Headers">
      <UniqueIdentifier>{839ec242-ddd3-43b2-aa46-5cbb0a2c6c37}</UniqueIdentifier>
    </Filter>
    <Filter Include="ClientCommunication\Sources">
      <UniqueIdentifier>{8d7b4ec3-f32c-4293-90b4-decabe153762}</UniqueIdentifier>
    </Filter>
    <Filter Include="Servers">
      <UniqueIdentifier>{434f5ab4-0a2b-4a7c-963d-6704ea876ae0}</UniqueIdentifier>
    </Filter>
    <Filter Include="Servers\Sources">
      <UniqueIdentifier>{51f222be-e95d-4186-9854-883be2b9285e}</UniqueIdentifier>
    </Filter>
    <Filter Include="Servers\Headers">
      <UniqueIdentifier>{ed540a89-aa55-452e-99e4-ac9cf2375a80}</UniqueIdentifier>
    </Filter>
    <Filter Include="Logic">
      <UniqueIdentifier>{64ac5a0d-c187-4a05-90a8-92eba9f164fb}</UniqueIdentifier>
    </Filter>
    <Filter Include="Logic\Headers">
      <UniqueIdentifier>{aa8dfa91-d91d-416d-8410-a32ac426d6fa}</UniqueIdentifier>
    </Filter>
    <Filter Include="Logic\Sources">
      <UniqueIdentifier>{4fe5b412-79a6-44e5-8d2f-5c5540f0805c}</UniqueIdentifier>
    </Filter>
    <Filter Include="Logic\Headers\Base">
      <UniqueIdentifier>{1fffdec2-3eaa-4171-93ff-03e97301fb0c}</UniqueIdentifier>
    </Filter>
    <Filter Include="Logic\Sources\Base">
      <UniqueIdentifier>{6a96a2be-0a91-40c6-aabb-4ed4fa1b21a3}</UniqueIdentifier>
    </Filter>
    <Filter Include="Logic\Headers\Components">
      <UniqueIdentifier>{18d5ffaa-21cd-41e6-bf35-592eefacc39c}</UniqueIdentifier>
    </Filter>
    <Filter Include="Logic\Sources\Components">
      <UniqueIdentifier>{c1bb38c1-01e8-4a48-8bcd-fdf418740490}</UniqueIdentifier>
    </Filter>
    <Filter Include="Packets">
      <UniqueIdentifier>{cca85cc0-6c70-45db-bf29-258e4c71294b}</UniqueIdentifier>
    </Filter>
    <Filter Include="Packets\Headers">
      <UniqueIdentifier>{64192448-908e-47c9-a344-f154b62d7c77}</UniqueIdentifier>
    </Filter>
    <Filter Include="Packets\Sources">
      <UniqueIdentifier>{e8f191fb-96e7-48bb-beff-f0ede2009e49}</UniqueIdentifier>
    </Filter>
    <Filter Include="Serialization">
      <UniqueIdentifier>{7ba48ad9-43b7-4ff5-9785-2765d16df35f}</UniqueIdentifier>
    </Filter>
    <Filter Include="Serialization\Sources">
      <UniqueIdentifier>{52198616-b4ce-41a0-9df8-121c30cee08c}</UniqueIdentifier>
    </Filter>
    <Filter Include="Serialization\Headers">
      <UniqueIdentifier>{11ed7b96-3c79-4d7b-b934-e03134b7e28a}</UniqueIdentifier>
    </Filter>
  </ItemGroup>
  <ItemGroup>
    <ClCompile Include="main.cpp" />
    <ClCompile Include="DeusClient.cpp">
      <Filter>ClientCommunication\Sources</Filter>
    </ClCompile>
    <ClCompile Include="DeusConnection.cpp">
      <Filter>ClientCommunication\Sources</Filter>
    </ClCompile>
    <ClCompile Include="DeusTcpConnection.cpp">
      <Filter>ClientCommunication\Sources</Filter>
    </ClCompile>
    <ClCompile Include="WorldNetworkServer.cpp">
      <Filter>Servers\Sources</Filter>
    </ClCompile>
    <ClCompile Include="NetworkServer.cpp">
      <Filter>Servers\Sources</Filter>
    </ClCompile>
    <ClCompile Include="DeusUdpConnection.cpp">
      <Filter>ClientCommunication\Sources</Filter>
    </ClCompile>
    <ClCompile Include="GameNetworkServer.cpp">
      <Filter>Servers\Sources</Filter>
    </ClCompile>
    <ClCompile Include="GameHandler.cpp">
      <Filter>Servers\Sources</Filter>
    </ClCompile>
    <ClCompile Include="GameLogicServer.cpp">
      <Filter>Servers\Sources</Filter>
    </ClCompile>
    <ClCompile Include="GameObject.cpp">
      <Filter>Logic\Sources\Base</Filter>
    </ClCompile>
    <ClCompile Include="GameObjectComponent.cpp">
      <Filter>Logic\Sources\Base</Filter>
    </ClCompile>
    <ClCompile Include="IExecutable.cpp">
      <Filter>Logic\Sources\Base</Filter>
    </ClCompile>
    <ClCompile Include="GameObjectFactory.cpp">
      <Filter>Logic\Sources\Base</Filter>
    </ClCompile>
    <ClCompile Include="HealthTimeLineComponent.cpp">
      <Filter>Logic\Sources\Components</Filter>
    </ClCompile>
    <ClCompile Include="PositionTimeLineComponent.cpp">
      <Filter>Logic\Sources\Components</Filter>
    </ClCompile>
    <ClCompile Include="PacketNewPlayer.cpp">
      <Filter>Packets\Sources</Filter>
    </ClCompile>
    <ClCompile Include="PacketObjectChangeCell.cpp">
      <Filter>Packets\Sources</Filter>
    </ClCompile>
    <ClCompile Include="PacketObjectEnter.cpp">
      <Filter>Packets\Sources</Filter>
    </ClCompile>
    <ClCompile Include="PacketObjectLeave.cpp">
      <Filter>Packets\Sources</Filter>
    </ClCompile>
    <ClCompile Include="PacketCellFirePacket.cpp">
      <Filter>Packets\Sources</Filter>
    </ClCompile>
    <ClCompile Include="SerializablePositionComponent.cpp">
      <Filter>Serialization\Sources</Filter>
    </ClCompile>
    <ClCompile Include="SerializableHealthComponent.cpp">
      <Filter>Serialization\Sources</Filter>
    </ClCompile>
    <ClCompile Include="DeusListeningUdpConnection.cpp">
      <Filter>ClientCommunication\Sources</Filter>
    </ClCompile>
    <ClCompile Include="DeusUdpListener.cpp">
      <Filter>ClientCommunication\Sources</Filter>
    </ClCompile>
  </ItemGroup>
  <ItemGroup>
    <ClInclude Include="DeusClient.h">
      <Filter>ClientCommunication\Headers</Filter>
    </ClInclude>
    <ClInclude Include="DeusConnection.h">
      <Filter>ClientCommunication\Headers</Filter>
    </ClInclude>
    <ClInclude Include="DeusTcpConnection.h">
      <Filter>ClientCommunication\Headers</Filter>
    </ClInclude>
    <ClInclude Include="WorldNetworkServer.h">
      <Filter>Servers\Headers</Filter>
    </ClInclude>
    <ClInclude Include="NetworkServer.h">
      <Filter>Servers\Headers</Filter>
    </ClInclude>
    <ClInclude Include="DeusUdpConnection.h">
      <Filter>ClientCommunication\Headers</Filter>
    </ClInclude>
    <ClInclude Include="GameNetworkServer.h">
      <Filter>Servers\Headers</Filter>
    </ClInclude>
    <ClInclude Include="GameHandler.h">
      <Filter>Servers\Headers</Filter>
    </ClInclude>
    <ClInclude Include="GameLogicServer.h">
      <Filter>Servers\Headers</Filter>
    </ClInclude>
    <ClInclude Include="IExecutable.h">
      <Filter>Logic\Headers\Base</Filter>
    </ClInclude>
    <ClInclude Include="GameObject.h">
      <Filter>Logic\Headers\Base</Filter>
    </ClInclude>
    <ClInclude Include="GameObjectComponent.h">
      <Filter>Logic\Headers\Base</Filter>
    </ClInclude>
    <ClInclude Include="IIdentifiable.h">
      <Filter>Logic\Headers\Base</Filter>
    </ClInclude>
    <ClInclude Include="GameObjectFactory.h">
      <Filter>Logic\Headers\Base</Filter>
    </ClInclude>
    <ClInclude Include="HealthTimeLineComponent.h">
      <Filter>Logic\Headers\Components</Filter>
    </ClInclude>
    <ClInclude Include="TimeLineComponent.h">
      <Filter>Logic\Headers\Components</Filter>
    </ClInclude>
    <ClInclude Include="PositionTimeLineComponent.h">
      <Filter>Logic\Headers\Components</Filter>
    </ClInclude>
    <ClInclude Include="PacketNewPlayer.h">
      <Filter>Packets\Headers</Filter>
    </ClInclude>
    <ClInclude Include="PacketObjectChangeCell.h">
      <Filter>Packets\Headers</Filter>
    </ClInclude>
    <ClInclude Include="PacketObjectEnter.h">
      <Filter>Packets\Headers</Filter>
    </ClInclude>
    <ClInclude Include="PacketCellFirePacket.h">
      <Filter>Packets\Headers</Filter>
    </ClInclude>
    <ClInclude Include="ISerializableComponent.h">
      <Filter>Serialization\Headers</Filter>
    </ClInclude>
    <ClInclude Include="SerializablePositionComponent.h">
      <Filter>Serialization\Headers</Filter>
    </ClInclude>
    <ClInclude Include="SerializableTimelineComponent.h">
      <Filter>Serialization\Headers</Filter>
    </ClInclude>
    <ClInclude Include="SerializableHealthComponent.h">
      <Filter>Serialization\Headers</Filter>
    </ClInclude>
    <ClInclude Include="DeusUdpListener.h">
      <Filter>ClientCommunication\Headers</Filter>
    </ClInclude>
    <ClInclude Include="DeusListeningUdpConnection.h">
      <Filter>ClientCommunication\Headers</Filter>
    </ClInclude>
  </ItemGroup>
  <ItemGroup>
    <Xml Include="Resources\skills.xml" />
  </ItemGroup>
</Project>