
Microsoft Visual Studio Solution File, Format Version 12.00
# Visual Studio 15
VisualStudioVersion = 15.0.27428.2027
MinimumVisualStudioVersion = 10.0.40219.1
Project("{8BC9CEB8-8B4A-11D0-8D11-00A0C91BC942}") = "DeusServer", "DeusServer\DeusServer.vcxproj", "{2D5696F9-F701-4302-9CC6-46A2E510F15D}"
EndProject
Project("{8BC9CEB8-8B4A-11D0-8D11-00A0C91BC942}") = "DeusCore", "DeusCore\DeusCore.vcxproj", "{68E150A2-419B-478B-9EDC-639F84101892}"
EndProject
Project("{8BC9CEB8-8B4A-11D0-8D11-00A0C91BC942}") = "DeusTestClient", "DeusTestClient\DeusTestClient.vcxproj", "{A56D7214-C624-4850-B3C8-6CEA715B3255}"
EndProject
Project("{8BC9CEB8-8B4A-11D0-8D11-00A0C91BC942}") = "DeusTestServer", "DeusTestServer\DeusTestServer.vcxproj", "{6954A008-6DA4-459F-A2C4-CB57714C82D4}"
EndProject
Global
	GlobalSection(SolutionConfigurationPlatforms) = preSolution
		Debug|x64 = Debug|x64
		Debug|x86 = Debug|x86
		Release|x64 = Release|x64
		Release|x86 = Release|x86
	EndGlobalSection
	GlobalSection(ProjectConfigurationPlatforms) = postSolution
		{2D5696F9-F701-4302-9CC6-46A2E510F15D}.Debug|x64.ActiveCfg = Debug|x64
		{2D5696F9-F701-4302-9CC6-46A2E510F15D}.Debug|x64.Build.0 = Debug|x64
		{2D5696F9-F701-4302-9CC6-46A2E510F15D}.Debug|x86.ActiveCfg = Debug|Win32
		{2D5696F9-F701-4302-9CC6-46A2E510F15D}.Debug|x86.Build.0 = Debug|Win32
		{2D5696F9-F701-4302-9CC6-46A2E510F15D}.Release|x64.ActiveCfg = Release|x64
		{2D5696F9-F701-4302-9CC6-46A2E510F15D}.Release|x64.Build.0 = Release|x64
		{2D5696F9-F701-4302-9CC6-46A2E510F15D}.Release|x86.ActiveCfg = Release|Win32
		{2D5696F9-F701-4302-9CC6-46A2E510F15D}.Release|x86.Build.0 = Release|Win32
		{68E150A2-419B-478B-9EDC-639F84101892}.Debug|x64.ActiveCfg = Debug|x64
		{68E150A2-419B-478B-9EDC-639F84101892}.Debug|x64.Build.0 = Debug|x64
		{68E150A2-419B-478B-9EDC-639F84101892}.Debug|x86.ActiveCfg = Debug|Win32
		{68E150A2-419B-478B-9EDC-639F84101892}.Debug|x86.Build.0 = Debug|Win32
		{68E150A2-419B-478B-9EDC-639F84101892}.Release|x64.ActiveCfg = Release|x64
		{68E150A2-419B-478B-9EDC-639F84101892}.Release|x64.Build.0 = Release|x64
		{68E150A2-419B-478B-9EDC-639F84101892}.Release|x86.ActiveCfg = Release|Win32
		{68E150A2-419B-478B-9EDC-639F84101892}.Release|x86.Build.0 = Release|Win32
		{A56D7214-C624-4850-B3C8-6CEA715B3255}.Debug|x64.ActiveCfg = Debug|x64
		{A56D7214-C624-4850-B3C8-6CEA715B3255}.Debug|x64.Build.0 = Debug|x64
		{A56D7214-C624-4850-B3C8-6CEA715B3255}.Debug|x86.ActiveCfg = Debug|Win32
		{A56D7214-C624-4850-B3C8-6CEA715B3255}.Debug|x86.Build.0 = Debug|Win32
		{A56D7214-C624-4850-B3C8-6CEA715B3255}.Release|x64.ActiveCfg = Release|x64
		{A56D7214-C624-4850-B3C8-6CEA715B3255}.Release|x64.Build.0 = Release|x64
		{A56D7214-C624-4850-B3C8-6CEA715B3255}.Release|x86.ActiveCfg = Release|Win32
		{A56D7214-C624-4850-B3C8-6CEA715B3255}.Release|x86.Build.0 = Release|Win32
		{6954A008-6DA4-459F-A2C4-CB57714C82D4}.Debug|x64.ActiveCfg = Debug|x64
		{6954A008-6DA4-459F-A2C4-CB57714C82D4}.Debug|x64.Build.0 = Debug|x64
		{6954A008-6DA4-459F-A2C4-CB57714C82D4}.Debug|x86.ActiveCfg = Debug|Win32
		{6954A008-6DA4-459F-A2C4-CB57714C82D4}.Debug|x86.Build.0 = Debug|Win32
		{6954A008-6DA4-459F-A2C4-CB57714C82D4}.Release|x64.ActiveCfg = Release|x64
		{6954A008-6DA4-459F-A2C4-CB57714C82D4}.Release|x64.Build.0 = Release|x64
		{6954A008-6DA4-459F-A2C4-CB57714C82D4}.Release|x86.ActiveCfg = Release|Win32
		{6954A008-6DA4-459F-A2C4-CB57714C82D4}.Release|x86.Build.0 = Release|Win32
	EndGlobalSection
	GlobalSection(SolutionProperties) = preSolution
		HideSolutionNode = FALSE
	EndGlobalSection
	GlobalSection(ExtensibilityGlobals) = postSolution
		SolutionGuid = {25B1C91C-C55D-4A8A-BEB8-8F3E3B69E995}
	EndGlobalSection
EndGlobal
