<?xml version="1.0" encoding="utf-8"?>
<Project ToolsVersion="4.0" xmlns="http://schemas.microsoft.com/developer/msbuild/2003">
  <ItemGroup>
    <Filter Include="Network">
      <UniqueIdentifier>{1f34273f-6808-4d83-bbff-11b02fb07a3e}</UniqueIdentifier>
    </Filter>
    <Filter Include="Network\Sockets">
      <UniqueIdentifier>{97ded97a-e26a-4488-8b3e-74eb91a00a8c}</UniqueIdentifier>
    </Filter>
    <Filter Include="Network\Sockets\Sources">
      <UniqueIdentifier>{d25d3519-7511-41b2-be5f-fadd9c05dc5c}</UniqueIdentifier>
    </Filter>
    <Filter Include="Network\Sockets\Headers">
      <UniqueIdentifier>{bf1eb49f-8d84-427b-9460-52273885fae5}</UniqueIdentifier>
    </Filter>
    <Filter Include="Network\Packets">
      <UniqueIdentifier>{9f69e74b-523b-475e-a46e-d417d3856424}</UniqueIdentifier>
    </Filter>
    <Filter Include="Network\Packets\Sources">
      <UniqueIdentifier>{5c5e9c15-7528-40c1-bd49-c6a8bba6db9a}</UniqueIdentifier>
    </Filter>
    <Filter Include="Network\Packets\Headers">
      <UniqueIdentifier>{5d7734aa-19b7-458c-b583-3df34604236c}</UniqueIdentifier>
    </Filter>
    <Filter Include="Delegate">
      <UniqueIdentifier>{aa14d465-a033-49d6-9978-734a4a561d18}</UniqueIdentifier>
    </Filter>
    <Filter Include="Log">
      <UniqueIdentifier>{cda06f78-51e4-4e7e-82bf-0bcab6988ebe}</UniqueIdentifier>
    </Filter>
    <Filter Include="Log\Headers">
      <UniqueIdentifier>{24d6f90e-525a-4237-8052-3511856b6ab8}</UniqueIdentifier>
    </Filter>
    <Filter Include="Log\Sources">
      <UniqueIdentifier>{a3a1624f-408a-494d-8f4d-9e341a30bb5e}</UniqueIdentifier>
    </Filter>
    <Filter Include="Network\Packets\Headers\Games">
      <UniqueIdentifier>{27eb9e46-e91c-41df-a959-a1abd6c3c9ba}</UniqueIdentifier>
    </Filter>
    <Filter Include="Network\Packets\Sources\Games">
      <UniqueIdentifier>{7d051a11-cd2c-4b5c-9d97-61e76ca77e05}</UniqueIdentifier>
    </Filter>
    <Filter Include="Events">
      <UniqueIdentifier>{c8837dcd-1929-4dbc-82f9-aaed174723a7}</UniqueIdentifier>
    </Filter>
    <Filter Include="Events\Headers">
      <UniqueIdentifier>{cdae3c57-39f1-4af2-b899-8597da877837}</UniqueIdentifier>
    </Filter>
    <Filter Include="Events\Sources">
      <UniqueIdentifier>{d9b0c18c-aa57-4760-bd02-920d6f921e13}</UniqueIdentifier>
    </Filter>
    <Filter Include="Utilities">
      <UniqueIdentifier>{0596a296-2f6b-4434-a6cc-9620197c5fdb}</UniqueIdentifier>
    </Filter>
    <Filter Include="Network\Packets\Headers\Base">
      <UniqueIdentifier>{6a0d16c0-0d68-456f-a700-5a687744bb9c}</UniqueIdentifier>
    </Filter>
    <Filter Include="Network\Packets\Sources\Base">
      <UniqueIdentifier>{0435417a-db16-4560-b893-e2d4a9664958}</UniqueIdentifier>
    </Filter>
    <Filter Include="Network\Packets\Headers\General">
      <UniqueIdentifier>{dafcd109-91f5-4102-aee9-5b059dc62a3a}</UniqueIdentifier>
    </Filter>
    <Filter Include="Network\Packets\Sources\General">
      <UniqueIdentifier>{d0828b81-9e67-47ed-9125-ec84c670686d}</UniqueIdentifier>
    </Filter>
    <Filter Include="Network\Packets\Headers\Logic">
      <UniqueIdentifier>{f841b1cd-eb9d-496f-9020-1468984a550b}</UniqueIdentifier>
    </Filter>
    <Filter Include="Network\Packets\Sources\Logic">
      <UniqueIdentifier>{05050694-7593-479a-9de1-a8e98b3c28f9}</UniqueIdentifier>
    </Filter>
    <Filter Include="Exceptions">
      <UniqueIdentifier>{3625f0c0-fea6-4311-937a-96f92a80733a}</UniqueIdentifier>
    </Filter>
    <Filter Include="Exceptions\Headers">
      <UniqueIdentifier>{09052e09-1dd4-4e5d-8a18-67b24137f6e3}</UniqueIdentifier>
    </Filter>
    <Filter Include="Exceptions\Sources">
      <UniqueIdentifier>{89ca66ca-bb8b-4f70-850f-eed8be91469c}</UniqueIdentifier>
    </Filter>
  </ItemGroup>
  <ItemGroup>
    <ClCompile Include="Socket.cpp">
      <Filter>Network\Sockets\Sources</Filter>
    </ClCompile>
    <ClCompile Include="TcpListener.cpp">
      <Filter>Network\Sockets\Sources</Filter>
    </ClCompile>
    <ClCompile Include="TcpSocket.cpp">
      <Filter>Network\Sockets\Sources</Filter>
    </ClCompile>
    <ClCompile Include="DeusSocketException.cpp">
      <Filter>Exceptions\Sources</Filter>
    </ClCompile>
    <ClCompile Include="DeusSerializationException.cpp">
      <Filter>Exceptions\Sources</Filter>
    </ClCompile>
    <ClCompile Include="DeusException.cpp">
      <Filter>Exceptions\Sources</Filter>
    </ClCompile>
    <ClCompile Include="Logger.cpp">
      <Filter>Log\Sources</Filter>
    </ClCompile>
    <ClCompile Include="PacketCreateGameRequest.cpp">
      <Filter>Network\Packets\Sources\Games</Filter>
    </ClCompile>
    <ClCompile Include="PacketGetGamesRequest.cpp">
      <Filter>Network\Packets\Sources\Games</Filter>
    </ClCompile>
    <ClCompile Include="PacketJoinGameRequest.cpp">
      <Filter>Network\Packets\Sources\Games</Filter>
    </ClCompile>
    <ClCompile Include="PacketCreateGameAnswer.cpp">
      <Filter>Network\Packets\Sources\Games</Filter>
    </ClCompile>
    <ClCompile Include="PacketGetGamesAnswer.cpp">
      <Filter>Network\Packets\Sources\Games</Filter>
    </ClCompile>
    <ClCompile Include="PacketJoinGameAnswer.cpp">
      <Filter>Network\Packets\Sources\Games</Filter>
    </ClCompile>
    <ClCompile Include="EventManager.cpp">
      <Filter>Events\Sources</Filter>
    </ClCompile>
    <ClCompile Include="EventManagerHandler.cpp">
      <Filter>Events\Sources</Filter>
    </ClCompile>
    <ClCompile Include="PacketLeaveGameRequest.cpp">
      <Filter>Network\Packets\Sources\Games</Filter>
    </ClCompile>
    <ClCompile Include="PacketLeaveGameAnswer.cpp">
      <Filter>Network\Packets\Sources\Games</Filter>
    </ClCompile>
    <ClCompile Include="PacketDeleteGameRequest.cpp">
      <Filter>Network\Packets\Sources\Games</Filter>
    </ClCompile>
    <ClCompile Include="UdpSocket.cpp">
      <Filter>Network\Sockets\Sources</Filter>
    </ClCompile>
    <ClCompile Include="CommunicationSocket.cpp">
      <Filter>Network\Sockets\Sources</Filter>
    </ClCompile>
    <ClCompile Include="Packet.cpp">
      <Filter>Network\Packets\Sources\Base</Filter>
    </ClCompile>
    <ClCompile Include="PacketAnswer.cpp">
      <Filter>Network\Packets\Sources\Base</Filter>
    </ClCompile>
    <ClCompile Include="PacketAck.cpp">
      <Filter>Network\Packets\Sources\General</Filter>
    </ClCompile>
    <ClCompile Include="PacketClientDisconnect.cpp">
      <Filter>Network\Packets\Sources\General</Filter>
    </ClCompile>
    <ClCompile Include="PacketTest.cpp">
      <Filter>Network\Packets\Sources\General</Filter>
    </ClCompile>
    <ClCompile Include="PacketClientConnected.cpp">
      <Filter>Network\Packets\Sources\General</Filter>
    </ClCompile>
    <ClCompile Include="PacketFactory.cpp">
      <Filter>Network\Packets\Sources\Base</Filter>
    </ClCompile>
    <ClCompile Include="PacketPlayerNotReady.cpp">
      <Filter>Network\Packets\Sources\Games</Filter>
    </ClCompile>
    <ClCompile Include="PacketPlayerReady.cpp">
      <Filter>Network\Packets\Sources\Games</Filter>
    </ClCompile>
    <ClCompile Include="PacketStartGame.cpp">
      <Filter>Network\Packets\Sources\Games</Filter>
    </ClCompile>
    <ClCompile Include="PacketConnectedUdpAnswer.cpp">
      <Filter>Network\Packets\Sources\General</Filter>
    </ClCompile>
    <ClCompile Include="PacketNewPlayerJoinGame.cpp">
      <Filter>Network\Packets\Sources\Games</Filter>
    </ClCompile>
    <ClCompile Include="PacketUpdateHealth.cpp">
      <Filter>Network\Packets\Sources\Logic</Filter>
    </ClCompile>
    <ClCompile Include="PacketUpdateMovementAnswer.cpp">
      <Filter>Network\Packets\Sources\Logic</Filter>
    </ClCompile>
    <ClCompile Include="PacketUpdateMovementRequest.cpp">
      <Filter>Network\Packets\Sources\Logic</Filter>
    </ClCompile>
    <ClCompile Include="DeusVector2.cpp">
      <Filter>Utilities</Filter>
    </ClCompile>
    <ClCompile Include="PacketGameStarted.cpp">
      <Filter>Network\Packets\Sources\Games</Filter>
    </ClCompile>
    <ClCompile Include="PacketSendUDP.cpp" />
  </ItemGroup>
  <ItemGroup>
    <ClInclude Include="Socket.h">
      <Filter>Network\Sockets\Headers</Filter>
    </ClInclude>
    <ClInclude Include="TcpListener.h">
      <Filter>Network\Sockets\Headers</Filter>
    </ClInclude>
    <ClInclude Include="TcpSocket.h">
      <Filter>Network\Sockets\Headers</Filter>
    </ClInclude>
    <ClInclude Include="DeusSocketException.h">
      <Filter>Exceptions\Headers</Filter>
    </ClInclude>
    <ClInclude Include="DeusSerializationException.h">
      <Filter>Exceptions\Headers</Filter>
    </ClInclude>
    <ClInclude Include="DeusException.h">
      <Filter>Exceptions\Headers</Filter>
    </ClInclude>
    <ClInclude Include="FastDelegate.h">
      <Filter>Delegate</Filter>
    </ClInclude>
    <ClInclude Include="Logger.h">
      <Filter>Log\Headers</Filter>
    </ClInclude>
    <ClInclude Include="PacketCreateGameRequest.h">
      <Filter>Network\Packets\Headers\Games</Filter>
    </ClInclude>
    <ClInclude Include="PacketGetGamesRequest.h">
      <Filter>Network\Packets\Headers\Games</Filter>
    </ClInclude>
    <ClInclude Include="PacketJoinGameRequest.h">
      <Filter>Network\Packets\Headers\Games</Filter>
    </ClInclude>
    <ClInclude Include="PacketCreateGameAnswer.h">
      <Filter>Network\Packets\Headers\Games</Filter>
    </ClInclude>
    <ClInclude Include="PacketGetGamesAnswer.h">
      <Filter>Network\Packets\Headers\Games</Filter>
    </ClInclude>
    <ClInclude Include="PacketJoinGameAnswer.h">
      <Filter>Network\Packets\Headers\Games</Filter>
    </ClInclude>
    <ClInclude Include="EventManager.h">
      <Filter>Events\Headers</Filter>
    </ClInclude>
    <ClInclude Include="EventManagerHandler.h">
      <Filter>Events\Headers</Filter>
    </ClInclude>
    <ClInclude Include="PacketLeaveGameRequest.h">
      <Filter>Network\Packets\Headers\Games</Filter>
    </ClInclude>
    <ClInclude Include="PacketLeaveGameAnswer.h">
      <Filter>Network\Packets\Headers\Games</Filter>
    </ClInclude>
    <ClInclude Include="PacketDeleteGameRequest.h">
      <Filter>Network\Packets\Headers\Games</Filter>
    </ClInclude>
    <ClInclude Include="UdpSocket.h">
      <Filter>Network\Sockets\Headers</Filter>
    </ClInclude>
    <ClInclude Include="CommunicationSocket.h">
      <Filter>Network\Sockets\Headers</Filter>
    </ClInclude>
    <ClInclude Include="Buffer.h">
      <Filter>Network\Packets\Headers\Base</Filter>
    </ClInclude>
    <ClInclude Include="Packet.h">
      <Filter>Network\Packets\Headers\Base</Filter>
    </ClInclude>
    <ClInclude Include="PacketAnswer.h">
      <Filter>Network\Packets\Headers\Base</Filter>
    </ClInclude>
    <ClInclude Include="Packets.h">
      <Filter>Network\Packets\Headers\Base</Filter>
    </ClInclude>
    <ClInclude Include="PacketTest.h">
      <Filter>Network\Packets\Headers\General</Filter>
    </ClInclude>
    <ClInclude Include="PacketAck.h">
      <Filter>Network\Packets\Headers\General</Filter>
    </ClInclude>
    <ClInclude Include="PacketClientDisconnect.h">
      <Filter>Network\Packets\Headers\General</Filter>
    </ClInclude>
    <ClInclude Include="PacketClientConnected.h">
      <Filter>Network\Packets\Headers\General</Filter>
    </ClInclude>
    <ClInclude Include="PacketFactory.h">
      <Filter>Network\Packets\Headers\Base</Filter>
    </ClInclude>
    <ClInclude Include="PacketStartGame.h">
      <Filter>Network\Packets\Headers\Games</Filter>
    </ClInclude>
    <ClInclude Include="PacketPlayerNotReady.h">
      <Filter>Network\Packets\Headers\Games</Filter>
    </ClInclude>
    <ClInclude Include="PacketPlayerReady.h">
      <Filter>Network\Packets\Headers\Games</Filter>
    </ClInclude>
    <ClInclude Include="PacketConnectedUdpAnswer.h">
      <Filter>Network\Packets\Headers\General</Filter>
    </ClInclude>
    <ClInclude Include="PacketNewPlayerJoinGame.h">
      <Filter>Network\Packets\Headers\Games</Filter>
    </ClInclude>
    <ClInclude Include="PacketUpdateHealth.h">
      <Filter>Network\Packets\Headers\Logic</Filter>
    </ClInclude>
    <ClInclude Include="PacketUpdateMovementAnswer.h">
      <Filter>Network\Packets\Headers\Logic</Filter>
    </ClInclude>
    <ClInclude Include="PacketUpdateMovementRequest.h">
      <Filter>Network\Packets\Headers\Logic</Filter>
    </ClInclude>
    <ClInclude Include="DeusVector2.h">
      <Filter>Utilities</Filter>
    </ClInclude>
    <ClInclude Include="PacketGameStarted.h">
      <Filter>Network\Packets\Headers\Games</Filter>
    </ClInclude>
    <ClInclude Include="ISerializable.h">
      <Filter>Utilities</Filter>
    </ClInclude>
    <ClInclude Include="PacketSendUDP.h" />
  </ItemGroup>
</Project>